
Microsoft Visual Studio Solution File, Format Version 12.00
# Visual Studio 15
VisualStudioVersion = 15.0.26730.16
MinimumVisualStudioVersion = 10.0.40219.1
Project("{FAE04EC0-301F-11D3-BF4B-00C04F79EFBC}") = "Cubic", "Cubic.csproj", "{8DE15ADF-461D-A639-0968-6DB8E8469313}"
EndProject
Project("{FAE04EC0-301F-11D3-BF4B-00C04F79EFBC}") = "Cubic.Plugins", "Cubic.Plugins.csproj", "{09F79C12-818B-607E-7F3A-2ED7666B46C0}"
EndProject
Project("{FAE04EC0-301F-11D3-BF4B-00C04F79EFBC}") = "Cubic.Editor", "Cubic.Editor.csproj", "{E8447F53-ACAC-3931-5770-5D288C4F7E9E}"
EndProject
Global
	GlobalSection(SolutionConfigurationPlatforms) = preSolution
		Debug|Any CPU = Debug|Any CPU
		Release|Any CPU = Release|Any CPU
	EndGlobalSection
	GlobalSection(ProjectConfigurationPlatforms) = postSolution
		{8DE15ADF-461D-A639-0968-6DB8E8469313}.Debug|Any CPU.ActiveCfg = Debug|Any CPU
		{8DE15ADF-461D-A639-0968-6DB8E8469313}.Debug|Any CPU.Build.0 = Debug|Any CPU
		{8DE15ADF-461D-A639-0968-6DB8E8469313}.Release|Any CPU.ActiveCfg = Release|Any CPU
		{8DE15ADF-461D-A639-0968-6DB8E8469313}.Release|Any CPU.Build.0 = Release|Any CPU
		{09F79C12-818B-607E-7F3A-2ED7666B46C0}.Debug|Any CPU.ActiveCfg = Debug|Any CPU
		{09F79C12-818B-607E-7F3A-2ED7666B46C0}.Debug|Any CPU.Build.0 = Debug|Any CPU
		{09F79C12-818B-607E-7F3A-2ED7666B46C0}.Release|Any CPU.ActiveCfg = Release|Any CPU
		{09F79C12-818B-607E-7F3A-2ED7666B46C0}.Release|Any CPU.Build.0 = Release|Any CPU
		{E8447F53-ACAC-3931-5770-5D288C4F7E9E}.Debug|Any CPU.ActiveCfg = Debug|Any CPU
		{E8447F53-ACAC-3931-5770-5D288C4F7E9E}.Debug|Any CPU.Build.0 = Debug|Any CPU
		{E8447F53-ACAC-3931-5770-5D288C4F7E9E}.Release|Any CPU.ActiveCfg = Release|Any CPU
		{E8447F53-ACAC-3931-5770-5D288C4F7E9E}.Release|Any CPU.Build.0 = Release|Any CPU
	EndGlobalSection
	GlobalSection(SolutionProperties) = preSolution
		HideSolutionNode = FALSE
	EndGlobalSection
	GlobalSection(ExtensibilityGlobals) = postSolution
		SolutionGuid = {D4318770-17FA-4B31-AF19-D9FA8612057C}
	EndGlobalSection
EndGlobal
